# This file is automatically @generated by Cargo.
# It is not intended for manual editing.
version = 4

[[package]]
name = "winbox-cpu"
version = "0.1.0"

[[package]]
name = "winbox-machine"
version = "0.1.0"
dependencies = [
 "winbox-cpu",
]

[[package]]
name = "winbox-ne"
version = "0.1.0"

[[package]]
name = "winbox-wasm"
version = "0.1.0"
dependencies = [
 "winbox-cpu",
]
